
Microsoft Visual Studio Solution File, Format Version 12.00
Project("{FAE04EC0-301F-11D3-BF4B-00C04F79EFBC}") = "Day1", "Day1\Day1.csproj", "{4BDD4DD9-2CA1-4ABE-A49A-986C57E18B1F}"
EndProject
Project("{FAE04EC0-301F-11D3-BF4B-00C04F79EFBC}") = "Day2", "Day2\Day2.csproj", "{42FF3DFC-96D2-4590-8EBC-6759D071486D}"
EndProject
Project("{FAE04EC0-301F-11D3-BF4B-00C04F79EFBC}") = "Day3", "Day3\Day3.csproj", "{26CE379D-376C-4041-8EBB-DD53FBFDEB24}"
EndProject
Project("{FAE04EC0-301F-11D3-BF4B-00C04F79EFBC}") = "Day4", "Day4\Day4.csproj", "{EF564DFE-EDED-44FA-9E33-FAE00E2D2E58}"
EndProject
Project("{FAE04EC0-301F-11D3-BF4B-00C04F79EFBC}") = "Day5", "Day5\Day5.csproj", "{F969F342-C06F-4A1B-A764-4A917C177330}"
EndProject
Project("{FAE04EC0-301F-11D3-BF4B-00C04F79EFBC}") = "Day6", "Day6\Day6.csproj", "{B19CAEE0-08A2-407E-90E7-DFB972FE1316}"
EndProject
Project("{FAE04EC0-301F-11D3-BF4B-00C04F79EFBC}") = "Day7", "Day7\Day7.csproj", "{E1A2C408-EFB9-439F-9F9D-4A31767CDC2D}"
EndProject
Project("{FAE04EC0-301F-11D3-BF4B-00C04F79EFBC}") = "Day8", "Day8\Day8.csproj", "{0F185788-6553-4389-B95A-B1B8435116D4}"
EndProject
Project("{FAE04EC0-301F-11D3-BF4B-00C04F79EFBC}") = "Day9", "Day9\Day9.csproj", "{5E4B954B-5703-4C67-A127-D483A4C521E1}"
EndProject
Project("{FAE04EC0-301F-11D3-BF4B-00C04F79EFBC}") = "Day10", "Day10\Day10.csproj", "{F9A78A1D-8B88-41FC-A4E9-3D573A9D125A}"
EndProject
Global
	GlobalSection(SolutionConfigurationPlatforms) = preSolution
		Debug|Any CPU = Debug|Any CPU
		Release|Any CPU = Release|Any CPU
	EndGlobalSection
	GlobalSection(ProjectConfigurationPlatforms) = postSolution
		{4BDD4DD9-2CA1-4ABE-A49A-986C57E18B1F}.Debug|Any CPU.ActiveCfg = Debug|Any CPU
		{4BDD4DD9-2CA1-4ABE-A49A-986C57E18B1F}.Debug|Any CPU.Build.0 = Debug|Any CPU
		{4BDD4DD9-2CA1-4ABE-A49A-986C57E18B1F}.Release|Any CPU.ActiveCfg = Release|Any CPU
		{4BDD4DD9-2CA1-4ABE-A49A-986C57E18B1F}.Release|Any CPU.Build.0 = Release|Any CPU
		{42FF3DFC-96D2-4590-8EBC-6759D071486D}.Debug|Any CPU.ActiveCfg = Debug|Any CPU
		{42FF3DFC-96D2-4590-8EBC-6759D071486D}.Debug|Any CPU.Build.0 = Debug|Any CPU
		{42FF3DFC-96D2-4590-8EBC-6759D071486D}.Release|Any CPU.ActiveCfg = Release|Any CPU
		{42FF3DFC-96D2-4590-8EBC-6759D071486D}.Release|Any CPU.Build.0 = Release|Any CPU
		{26CE379D-376C-4041-8EBB-DD53FBFDEB24}.Debug|Any CPU.ActiveCfg = Debug|Any CPU
		{26CE379D-376C-4041-8EBB-DD53FBFDEB24}.Debug|Any CPU.Build.0 = Debug|Any CPU
		{26CE379D-376C-4041-8EBB-DD53FBFDEB24}.Release|Any CPU.ActiveCfg = Release|Any CPU
		{26CE379D-376C-4041-8EBB-DD53FBFDEB24}.Release|Any CPU.Build.0 = Release|Any CPU
		{EF564DFE-EDED-44FA-9E33-FAE00E2D2E58}.Debug|Any CPU.ActiveCfg = Debug|Any CPU
		{EF564DFE-EDED-44FA-9E33-FAE00E2D2E58}.Debug|Any CPU.Build.0 = Debug|Any CPU
		{EF564DFE-EDED-44FA-9E33-FAE00E2D2E58}.Release|Any CPU.ActiveCfg = Release|Any CPU
		{EF564DFE-EDED-44FA-9E33-FAE00E2D2E58}.Release|Any CPU.Build.0 = Release|Any CPU
		{F969F342-C06F-4A1B-A764-4A917C177330}.Debug|Any CPU.ActiveCfg = Debug|Any CPU
		{F969F342-C06F-4A1B-A764-4A917C177330}.Debug|Any CPU.Build.0 = Debug|Any CPU
		{F969F342-C06F-4A1B-A764-4A917C177330}.Release|Any CPU.ActiveCfg = Release|Any CPU
		{F969F342-C06F-4A1B-A764-4A917C177330}.Release|Any CPU.Build.0 = Release|Any CPU
		{B19CAEE0-08A2-407E-90E7-DFB972FE1316}.Debug|Any CPU.ActiveCfg = Debug|Any CPU
		{B19CAEE0-08A2-407E-90E7-DFB972FE1316}.Debug|Any CPU.Build.0 = Debug|Any CPU
		{B19CAEE0-08A2-407E-90E7-DFB972FE1316}.Release|Any CPU.ActiveCfg = Release|Any CPU
		{B19CAEE0-08A2-407E-90E7-DFB972FE1316}.Release|Any CPU.Build.0 = Release|Any CPU
		{E1A2C408-EFB9-439F-9F9D-4A31767CDC2D}.Debug|Any CPU.ActiveCfg = Debug|Any CPU
		{E1A2C408-EFB9-439F-9F9D-4A31767CDC2D}.Debug|Any CPU.Build.0 = Debug|Any CPU
		{E1A2C408-EFB9-439F-9F9D-4A31767CDC2D}.Release|Any CPU.ActiveCfg = Release|Any CPU
		{E1A2C408-EFB9-439F-9F9D-4A31767CDC2D}.Release|Any CPU.Build.0 = Release|Any CPU
		{0F185788-6553-4389-B95A-B1B8435116D4}.Debug|Any CPU.ActiveCfg = Debug|Any CPU
		{0F185788-6553-4389-B95A-B1B8435116D4}.Debug|Any CPU.Build.0 = Debug|Any CPU
		{0F185788-6553-4389-B95A-B1B8435116D4}.Release|Any CPU.ActiveCfg = Release|Any CPU
		{0F185788-6553-4389-B95A-B1B8435116D4}.Release|Any CPU.Build.0 = Release|Any CPU
		{5E4B954B-5703-4C67-A127-D483A4C521E1}.Debug|Any CPU.ActiveCfg = Debug|Any CPU
		{5E4B954B-5703-4C67-A127-D483A4C521E1}.Debug|Any CPU.Build.0 = Debug|Any CPU
		{5E4B954B-5703-4C67-A127-D483A4C521E1}.Release|Any CPU.ActiveCfg = Release|Any CPU
		{5E4B954B-5703-4C67-A127-D483A4C521E1}.Release|Any CPU.Build.0 = Release|Any CPU
		{F9A78A1D-8B88-41FC-A4E9-3D573A9D125A}.Debug|Any CPU.ActiveCfg = Debug|Any CPU
		{F9A78A1D-8B88-41FC-A4E9-3D573A9D125A}.Debug|Any CPU.Build.0 = Debug|Any CPU
		{F9A78A1D-8B88-41FC-A4E9-3D573A9D125A}.Release|Any CPU.ActiveCfg = Release|Any CPU
		{F9A78A1D-8B88-41FC-A4E9-3D573A9D125A}.Release|Any CPU.Build.0 = Release|Any CPU
	EndGlobalSection
EndGlobal
